
Microsoft Visual Studio Solution File, Format Version 12.00
# Visual Studio 15
VisualStudioVersion = 15.0.26730.3
MinimumVisualStudioVersion = 10.0.40219.1
Project("{FAE04EC0-301F-11D3-BF4B-00C04F79EFBC}") = "WebApplication", "WebApplication1\WebApplication.csproj", "{EA05A1BA-62BB-4CED-9AC8-424081EC6362}"
EndProject
Project("{FAE04EC0-301F-11D3-BF4B-00C04F79EFBC}") = "Tests", "Tests\Tests.csproj", "{37F14E5D-B367-4308-9428-DCF96427AD38}"
EndProject
Project("{FAE04EC0-301F-11D3-BF4B-00C04F79EFBC}") = "DataAccess", "DataAccess\DataAccess.csproj", "{554080EB-42D2-4DB0-A285-C59091CDDE4B}"
EndProject
Project("{FAE04EC0-301F-11D3-BF4B-00C04F79EFBC}") = "Domain", "Domain\Domain.csproj", "{6EFA7454-880E-4281-BAE3-CA47C8D71F0D}"
EndProject
Project("{FAE04EC0-301F-11D3-BF4B-00C04F79EFBC}") = "Application", "Application\Application.csproj", "{5A0878D9-4DD9-414F-A07B-729903943CF3}"
EndProject
Global
	GlobalSection(SolutionConfigurationPlatforms) = preSolution
		Debug|Any CPU = Debug|Any CPU
		Release|Any CPU = Release|Any CPU
	EndGlobalSection
	GlobalSection(ProjectConfigurationPlatforms) = postSolution
		{EA05A1BA-62BB-4CED-9AC8-424081EC6362}.Debug|Any CPU.ActiveCfg = Debug|Any CPU
		{EA05A1BA-62BB-4CED-9AC8-424081EC6362}.Debug|Any CPU.Build.0 = Debug|Any CPU
		{EA05A1BA-62BB-4CED-9AC8-424081EC6362}.Release|Any CPU.ActiveCfg = Release|Any CPU
		{EA05A1BA-62BB-4CED-9AC8-424081EC6362}.Release|Any CPU.Build.0 = Release|Any CPU
		{37F14E5D-B367-4308-9428-DCF96427AD38}.Debug|Any CPU.ActiveCfg = Debug|Any CPU
		{37F14E5D-B367-4308-9428-DCF96427AD38}.Debug|Any CPU.Build.0 = Debug|Any CPU
		{37F14E5D-B367-4308-9428-DCF96427AD38}.Release|Any CPU.ActiveCfg = Release|Any CPU
		{37F14E5D-B367-4308-9428-DCF96427AD38}.Release|Any CPU.Build.0 = Release|Any CPU
		{554080EB-42D2-4DB0-A285-C59091CDDE4B}.Debug|Any CPU.ActiveCfg = Debug|Any CPU
		{554080EB-42D2-4DB0-A285-C59091CDDE4B}.Debug|Any CPU.Build.0 = Debug|Any CPU
		{554080EB-42D2-4DB0-A285-C59091CDDE4B}.Release|Any CPU.ActiveCfg = Release|Any CPU
		{554080EB-42D2-4DB0-A285-C59091CDDE4B}.Release|Any CPU.Build.0 = Release|Any CPU
		{6EFA7454-880E-4281-BAE3-CA47C8D71F0D}.Debug|Any CPU.ActiveCfg = Debug|Any CPU
		{6EFA7454-880E-4281-BAE3-CA47C8D71F0D}.Debug|Any CPU.Build.0 = Debug|Any CPU
		{6EFA7454-880E-4281-BAE3-CA47C8D71F0D}.Release|Any CPU.ActiveCfg = Release|Any CPU
		{6EFA7454-880E-4281-BAE3-CA47C8D71F0D}.Release|Any CPU.Build.0 = Release|Any CPU
		{5A0878D9-4DD9-414F-A07B-729903943CF3}.Debug|Any CPU.ActiveCfg = Debug|Any CPU
		{5A0878D9-4DD9-414F-A07B-729903943CF3}.Debug|Any CPU.Build.0 = Debug|Any CPU
		{5A0878D9-4DD9-414F-A07B-729903943CF3}.Release|Any CPU.ActiveCfg = Release|Any CPU
		{5A0878D9-4DD9-414F-A07B-729903943CF3}.Release|Any CPU.Build.0 = Release|Any CPU
	EndGlobalSection
	GlobalSection(SolutionProperties) = preSolution
		HideSolutionNode = FALSE
	EndGlobalSection
	GlobalSection(ExtensibilityGlobals) = postSolution
		SolutionGuid = {973EA396-DC66-4011-8486-A227FDFB17EE}
	EndGlobalSection
EndGlobal
